lockfileVersion: 5.4

specifiers:
  '@babel/core': 7.17.10
  '@basmilius/effects-common': 1.0.2
  '@fortawesome/fontawesome-svg-core': 6.1.1
  '@fortawesome/free-brands-svg-icons': 6.1.1
  '@fortawesome/pro-solid-svg-icons': 6.1.1
  '@latte-ui/core': 2.0.0-dev.33
  '@latte-ui/css': 2.0.0-dev.33
  '@latte-ui/hooks': 2.0.0-dev.33
  '@latte-ui/slot-fill': 2.0.0-dev.33
  '@next/bundle-analyzer': 12.1.7-canary.0
  '@types/node': 17.0.31
  '@types/react': 18.0.8
  '@types/react-dom': 18.0.3
  css-class-generator: 2.0.0
  framer-motion: 6.3.3
  next: 12.1.7-canary.0
  react: 18.1.0
  react-dom: 18.1.0
  sass: 1.51.0
  tslib: 2.4.0
  typescript: 4.6.4

dependencies:
  '@babel/core': 7.17.10
  '@basmilius/effects-common': 1.0.2
  '@fortawesome/fontawesome-svg-core': 6.1.1
  '@fortawesome/free-brands-svg-icons': 6.1.1
  '@fortawesome/pro-solid-svg-icons': 6.1.1
  '@latte-ui/core': 2.0.0-dev.33_r5ab3t3udv4nwdfnv2byyrfhzy
  '@latte-ui/css': 2.0.0-dev.33
  '@latte-ui/hooks': 2.0.0-dev.33_ef5jwxihqo6n7gxfmzogljlgcm
  '@latte-ui/slot-fill': 2.0.0-dev.33_zja5cspv5wzmybzqnsth4w2qr4
  framer-motion: 6.3.3_ef5jwxihqo6n7gxfmzogljlgcm
  next: 12.1.7-canary.0_f4f3p4qosjzyjuuwwqkhysggrq
  react: 18.1.0
  react-dom: 18.1.0_react@18.1.0
  tslib: 2.4.0

devDependencies:
  '@next/bundle-analyzer': 12.1.7-canary.0
  '@types/node': 17.0.31
  '@types/react': 18.0.8
  '@types/react-dom': 18.0.3
  css-class-generator: 2.0.0
  sass: 1.51.0
  typescript: 4.6.4

packages:

  /@ampproject/remapping/2.1.2:
    resolution: {integrity: sha512-hoyByceqwKirw7w3Z7gnIIZC3Wx3J484Y3L/cMpXFbr7d9ZQj2mODrirNzcJa+SM3UlpWXYvKV4RlRpFXlWgXg==}
    engines: {node: '>=6.0.0'}
    dependencies:
      '@jridgewell/trace-mapping': 0.3.4
    dev: false

  /@babel/code-frame/7.16.7:
    resolution: {integrity: sha512-iAXqUn8IIeBTNd72xsFlgaXHkMBMt6y4HJp1tIaK465CWLT/fG1aqB7ykr95gHHmlBdGbFeWWfyB4NJJ0nmeIg==}
    engines: {node: '>=6.9.0'}
    dependencies:
      '@babel/highlight': 7.16.10
    dev: false

  /@babel/compat-data/7.17.10:
    resolution: {integrity: sha512-GZt/TCsG70Ms19gfZO1tM4CVnXsPgEPBCpJu+Qz3L0LUDsY5nZqFZglIoPC1kIYOtNBZlrnFT+klg12vFGZXrw==}
    engines: {node: '>=6.9.0'}
    dev: false

  /@babel/core/7.17.10:
    resolution: {integrity: sha512-liKoppandF3ZcBnIYFjfSDHZLKdLHGJRkoWtG8zQyGJBQfIYobpnVGI5+pLBNtS6psFLDzyq8+h5HiVljW9PNA==}
    engines: {node: '>=6.9.0'}
    dependencies:
      '@ampproject/remapping': 2.1.2
      '@babel/code-frame': 7.16.7
      '@babel/generator': 7.17.10
      '@babel/helper-compilation-targets': 7.17.10_@babel+core@7.17.10
      '@babel/helper-module-transforms': 7.17.7
      '@babel/helpers': 7.17.9
      '@babel/parser': 7.17.10
      '@babel/template': 7.16.7
      '@babel/traverse': 7.17.10
      '@babel/types': 7.17.10
      convert-source-map: 1.8.0
      debug: 4.3.4
      gensync: 1.0.0-beta.2
      json5: 2.2.1
      semver: 6.3.0
    transitivePeerDependencies:
      - supports-color
    dev: false

  /@babel/generator/7.17.10:
    resolution: {integrity: sha512-46MJZZo9y3o4kmhBVc7zW7i8dtR1oIK/sdO5NcfcZRhTGYi+KKJRtHNgsU6c4VUcJmUNV/LQdebD/9Dlv4K+Tg==}
    engines: {node: '>=6.9.0'}
    dependencies:
      '@babel/types': 7.17.10
      '@jridgewell/gen-mapping': 0.1.1
      jsesc: 2.5.2
    dev: false

  /@babel/helper-compilation-targets/7.17.10_@babel+core@7.17.10:
    resolution: {integrity: sha512-gh3RxjWbauw/dFiU/7whjd0qN9K6nPJMqe6+Er7rOavFh0CQUSwhAE3IcTho2rywPJFxej6TUUHDkWcYI6gGqQ==}
    engines: {node: '>=6.9.0'}
    peerDependencies:
      '@babel/core': ^7.0.0
    dependencies:
      '@babel/compat-data': 7.17.10
      '@babel/core': 7.17.10
      '@babel/helper-validator-option': 7.16.7
      browserslist: 4.20.2
      semver: 6.3.0
    dev: false

  /@babel/helper-environment-visitor/7.16.7:
    resolution: {integrity: sha512-SLLb0AAn6PkUeAfKJCCOl9e1R53pQlGAfc4y4XuMRZfqeMYLE0dM1LMhqbGAlGQY0lfw5/ohoYWAe9V1yibRag==}
    engines: {node: '>=6.9.0'}
    dependencies:
      '@babel/types': 7.17.10
    dev: false

  /@babel/helper-function-name/7.17.9:
    resolution: {integrity: sha512-7cRisGlVtiVqZ0MW0/yFB4atgpGLWEHUVYnb448hZK4x+vih0YO5UoS11XIYtZYqHd0dIPMdUSv8q5K4LdMnIg==}
    engines: {node: '>=6.9.0'}
    dependencies:
      '@babel/template': 7.16.7
      '@babel/types': 7.17.10
    dev: false

  /@babel/helper-hoist-variables/7.16.7:
    resolution: {integrity: sha512-m04d/0Op34H5v7pbZw6pSKP7weA6lsMvfiIAMeIvkY/R4xQtBSMFEigu9QTZ2qB/9l22vsxtM8a+Q8CzD255fg==}
    engines: {node: '>=6.9.0'}
    dependencies:
      '@babel/types': 7.17.10
    dev: false

  /@babel/helper-module-imports/7.16.7:
    resolution: {integrity: sha512-LVtS6TqjJHFc+nYeITRo6VLXve70xmq7wPhWTqDJusJEgGmkAACWwMiTNrvfoQo6hEhFwAIixNkvB0jPXDL8Wg==}
    engines: {node: '>=6.9.0'}
    dependencies:
      '@babel/types': 7.17.10
    dev: false

  /@babel/helper-module-transforms/7.17.7:
    resolution: {integrity: sha512-VmZD99F3gNTYB7fJRDTi+u6l/zxY0BE6OIxPSU7a50s6ZUQkHwSDmV92FfM+oCG0pZRVojGYhkR8I0OGeCVREw==}
    engines: {node: '>=6.9.0'}
    dependencies:
      '@babel/helper-environment-visitor': 7.16.7
      '@babel/helper-module-imports': 7.16.7
      '@babel/helper-simple-access': 7.17.7
      '@babel/helper-split-export-declaration': 7.16.7
      '@babel/helper-validator-identifier': 7.16.7
      '@babel/template': 7.16.7
      '@babel/traverse': 7.17.10
      '@babel/types': 7.17.10
    transitivePeerDependencies:
      - supports-color
    dev: false

  /@babel/helper-simple-access/7.17.7:
    resolution: {integrity: sha512-txyMCGroZ96i+Pxr3Je3lzEJjqwaRC9buMUgtomcrLe5Nd0+fk1h0LLA+ixUF5OW7AhHuQ7Es1WcQJZmZsz2XA==}
    engines: {node: '>=6.9.0'}
    dependencies:
      '@babel/types': 7.17.10
    dev: false

  /@babel/helper-split-export-declaration/7.16.7:
    resolution: {integrity: sha512-xbWoy/PFoxSWazIToT9Sif+jJTlrMcndIsaOKvTA6u7QEo7ilkRZpjew18/W3c7nm8fXdUDXh02VXTbZ0pGDNw==}
    engines: {node: '>=6.9.0'}
    dependencies:
      '@babel/types': 7.17.10
    dev: false

  /@babel/helper-validator-identifier/7.16.7:
    resolution: {integrity: sha512-hsEnFemeiW4D08A5gUAZxLBTXpZ39P+a+DGDsHw1yxqyQ/jzFEnxf5uTEGp+3bzAbNOxU1paTgYS4ECU/IgfDw==}
    engines: {node: '>=6.9.0'}
    dev: false

  /@babel/helper-validator-option/7.16.7:
    resolution: {integrity: sha512-TRtenOuRUVo9oIQGPC5G9DgK4743cdxvtOw0weQNpZXaS16SCBi5MNjZF8vba3ETURjZpTbVn7Vvcf2eAwFozQ==}
    engines: {node: '>=6.9.0'}
    dev: false

  /@babel/helpers/7.17.9:
    resolution: {integrity: sha512-cPCt915ShDWUEzEp3+UNRktO2n6v49l5RSnG9M5pS24hA+2FAc5si+Pn1i4VVbQQ+jh+bIZhPFQOJOzbrOYY1Q==}
    engines: {node: '>=6.9.0'}
    dependencies:
      '@babel/template': 7.16.7
      '@babel/traverse': 7.17.10
      '@babel/types': 7.17.10
    transitivePeerDependencies:
      - supports-color
    dev: false

  /@babel/highlight/7.16.10:
    resolution: {integrity: sha512-5FnTQLSLswEj6IkgVw5KusNUUFY9ZGqe/TRFnP/BKYHYgfh7tc+C7mwiy95/yNP7Dh9x580Vv8r7u7ZfTBFxdw==}
    engines: {node: '>=6.9.0'}
    dependencies:
      '@babel/helper-validator-identifier': 7.16.7
      chalk: 2.4.2
      js-tokens: 4.0.0
    dev: false

  /@babel/parser/7.17.10:
    resolution: {integrity: sha512-n2Q6i+fnJqzOaq2VkdXxy2TCPCWQZHiCo0XqmrCvDWcZQKRyZzYi4Z0yxlBuN0w+r2ZHmre+Q087DSrw3pbJDQ==}
    engines: {node: '>=6.0.0'}
    hasBin: true
    dev: false

  /@babel/template/7.16.7:
    resolution: {integrity: sha512-I8j/x8kHUrbYRTUxXrrMbfCa7jxkE7tZre39x3kjr9hvI82cK1FfqLygotcWN5kdPGWcLdWMHpSBavse5tWw3w==}
    engines: {node: '>=6.9.0'}
    dependencies:
      '@babel/code-frame': 7.16.7
      '@babel/parser': 7.17.10
      '@babel/types': 7.17.10
    dev: false

  /@babel/traverse/7.17.10:
    resolution: {integrity: sha512-VmbrTHQteIdUUQNTb+zE12SHS/xQVIShmBPhlNP12hD5poF2pbITW1Z4172d03HegaQWhLffdkRJYtAzp0AGcw==}
    engines: {node: '>=6.9.0'}
    dependencies:
      '@babel/code-frame': 7.16.7
      '@babel/generator': 7.17.10
      '@babel/helper-environment-visitor': 7.16.7
      '@babel/helper-function-name': 7.17.9
      '@babel/helper-hoist-variables': 7.16.7
      '@babel/helper-split-export-declaration': 7.16.7
      '@babel/parser': 7.17.10
      '@babel/types': 7.17.10
      debug: 4.3.4
      globals: 11.12.0
    transitivePeerDependencies:
      - supports-color
    dev: false

  /@babel/types/7.17.10:
    resolution: {integrity: sha512-9O26jG0mBYfGkUYCYZRnBwbVLd1UZOICEr2Em6InB6jVfsAv1GKgwXHmrSg+WFWDmeKTA6vyTZiN8tCSM5Oo3A==}
    engines: {node: '>=6.9.0'}
    dependencies:
      '@babel/helper-validator-identifier': 7.16.7
      to-fast-properties: 2.0.0
    dev: false

  /@basmilius/effects-common/1.0.2:
    resolution: {integrity: sha512-+mGUAAK1Un77Xw+1DXmlgfWyx7YIcpMOFUJMDaQIQgBV8zekfDI8EdU5PAYq1thTWkzQz51OckoC2DCjTp9zTg==}
    dependencies:
      tslib: 2.4.0
    dev: false

  /@emotion/is-prop-valid/0.8.8:
    resolution: {integrity: sha512-u5WtneEAr5IDG2Wv65yhunPSMLIpuKsbuOktRojfrEiEvRyC85LgPMZI63cr7NUqT8ZIGdSVg8ZKGxIug4lXcA==}
    requiresBuild: true
    dependencies:
      '@emotion/memoize': 0.7.4
    dev: false
    optional: true

  /@emotion/memoize/0.7.4:
    resolution: {integrity: sha512-Ja/Vfqe3HpuzRsG1oBtWTHk2PGZ7GR+2Vz5iYGelAw8dx32K0y7PjVuxK6z1nMpZOqAFsRUPCkK1YjJ56qJlgw==}
    dev: false
    optional: true

  /@fortawesome/fontawesome-common-types/6.1.1:
    resolution: {integrity: sha512-wVn5WJPirFTnzN6tR95abCx+ocH+3IFLXAgyavnf9hUmN0CfWoDjPT/BAWsUVwSlYYVBeCLJxaqi7ZGe4uSjBA==, tarball: '@fortawesome/fontawesome-common-types/-/6.1.1/fontawesome-common-types-6.1.1.tgz'}
    engines: {node: '>=6'}
    requiresBuild: true
    dev: false

  /@fortawesome/fontawesome-svg-core/6.1.1:
    resolution: {integrity: sha512-NCg0w2YIp81f4V6cMGD9iomfsIj7GWrqmsa0ZsPh59G7PKiGN1KymZNxmF00ssuAlo/VZmpK6xazsGOwzKYUMg==, tarball: '@fortawesome/fontawesome-svg-core/-/6.1.1/fontawesome-svg-core-6.1.1.tgz'}
    engines: {node: '>=6'}
    requiresBuild: true
    dependencies:
      '@fortawesome/fontawesome-common-types': 6.1.1
    dev: false

  /@fortawesome/free-brands-svg-icons/6.1.1:
    resolution: {integrity: sha512-mFbI/czjBZ+paUtw5NPr2IXjun5KAC8eFqh1hnxowjA4mMZxWz4GCIksq6j9ZSa6Uxj9JhjjDVEd77p2LN2Blg==, tarball: '@fortawesome/free-brands-svg-icons/-/6.1.1/free-brands-svg-icons-6.1.1.tgz'}
    engines: {node: '>=6'}
    requiresBuild: true
    dependencies:
      '@fortawesome/fontawesome-common-types': 6.1.1
    dev: false

  /@fortawesome/pro-solid-svg-icons/6.1.1:
    resolution: {integrity: sha512-BF1vuvQlFNRy38EZAxaXuReQ73z9VrXaRmVy+MFnLFpHZa5yH3M68iZHl04/5uThUPbrXG7VsIRoICc5HjD0Iw==, tarball: '@fortawesome/pro-solid-svg-icons/-/6.1.1/pro-solid-svg-icons-6.1.1.tgz'}
    engines: {node: '>=6'}
    requiresBuild: true
    dependencies:
      '@fortawesome/fontawesome-common-types': 6.1.1
    dev: false

  /@jridgewell/gen-mapping/0.1.1:
    resolution: {integrity: sha512-sQXCasFk+U8lWYEe66WxRDOE9PjVz4vSM51fTu3Hw+ClTpUSQb718772vH3pyS5pShp6lvQM7SxgIDXXXmOX7w==}
    engines: {node: '>=6.0.0'}
    dependencies:
      '@jridgewell/set-array': 1.1.0
      '@jridgewell/sourcemap-codec': 1.4.11
    dev: false

  /@jridgewell/resolve-uri/3.0.5:
    resolution: {integrity: sha512-VPeQ7+wH0itvQxnG+lIzWgkysKIr3L9sslimFW55rHMdGu/qCQ5z5h9zq4gI8uBtqkpHhsF4Z/OwExufUCThew==}
    engines: {node: '>=6.0.0'}
    dev: false

  /@jridgewell/set-array/1.1.0:
    resolution: {integrity: sha512-SfJxIxNVYLTsKwzB3MoOQ1yxf4w/E6MdkvTgrgAt1bfxjSrLUoHMKrDOykwN14q65waezZIdqDneUIPh4/sKxg==}
    engines: {node: '>=6.0.0'}
    dev: false

  /@jridgewell/sourcemap-codec/1.4.11:
    resolution: {integrity: sha512-Fg32GrJo61m+VqYSdRSjRXMjQ06j8YIYfcTqndLYVAaHmroZHLJZCydsWBOTDqXS2v+mjxohBWEMfg97GXmYQg==}
    dev: false

  /@jridgewell/trace-mapping/0.3.4:
    resolution: {integrity: sha512-vFv9ttIedivx0ux3QSjhgtCVjPZd5l46ZOMDSCwnH1yUO2e964gO8LZGyv2QkqcgR6TnBU1v+1IFqmeoG+0UJQ==}
    dependencies:
      '@jridgewell/resolve-uri': 3.0.5
      '@jridgewell/sourcemap-codec': 1.4.11
    dev: false

  /@latte-ui/core/2.0.0-dev.33_r5ab3t3udv4nwdfnv2byyrfhzy:
    resolution: {integrity: sha512-TomxNUZDZDGO8MF+xrbu7HUtEHDX5ISs6hX+7t7670YNU0RgX+8WPKPSmUWRPJFQnWWA8zq5Odw6eEuiM+BaWg==}
    peerDependencies:
      '@latte-ui/hooks': 2.0.0-dev.33
      '@latte-ui/slot-fill': 2.0.0-dev.33
      framer-motion: ^6.3.2
      react: 18.1.0
      react-dom: 18.1.0
    dependencies:
      '@latte-ui/hooks': 2.0.0-dev.33_ef5jwxihqo6n7gxfmzogljlgcm
      '@latte-ui/slot-fill': 2.0.0-dev.33_zja5cspv5wzmybzqnsth4w2qr4
      framer-motion: 6.3.3_ef5jwxihqo6n7gxfmzogljlgcm
      react: 18.1.0
      react-dom: 18.1.0_react@18.1.0
    dev: false

  /@latte-ui/css/2.0.0-dev.33:
    resolution: {integrity: sha512-fgF4jMRepCG8KcUlBFE79BNrxiZGcmMSrUY9wbZ7Z6fFIb1RXoO1u9RZaE3x5pPLKZnIztsMdz20zM1Kz8UVHA==}
    dev: false

  /@latte-ui/hooks/2.0.0-dev.33_ef5jwxihqo6n7gxfmzogljlgcm:
    resolution: {integrity: sha512-mUpZ2U/K7CkWRsQ4akNuyTFDtGuj+o6DFsIvIaxbMO0g8gEK3WKNVw3jqucjhWWL+rCDo7yCDWJF+LK78HGV+g==}
    peerDependencies:
      react: 18.1.0
      react-dom: 18.1.0
    dependencies:
      lodash: 4.17.21
      react: 18.1.0
      react-dom: 18.1.0_react@18.1.0
    dev: false

  /@latte-ui/slot-fill/2.0.0-dev.33_zja5cspv5wzmybzqnsth4w2qr4:
    resolution: {integrity: sha512-ia/0lXWWqwCL50K2mwF5y5HV/kGEtWR8xRTiFqfmpqcLKkk/cgErgqaX+2DDAml1VW+EGTPO91Zxf3MdIT18Hg==}
    peerDependencies:
      '@latte-ui/hooks': 2.0.0-dev.33
      react: 18.1.0
      react-dom: 18.1.0
    dependencies:
      '@latte-ui/hooks': 2.0.0-dev.33_ef5jwxihqo6n7gxfmzogljlgcm
      lodash: 4.17.21
      react: 18.1.0
      react-dom: 18.1.0_react@18.1.0
    dev: false

  /@next/bundle-analyzer/12.1.7-canary.0:
    resolution: {integrity: sha512-tgSNx9I0TVEFljPRPUBwWhpHdvHW407AjBGl2Jc/xEQNWbqWyvg3EWsW4mqFmQPZyVlMEQ9+UsAdjA0FwsKq4A==}
    dependencies:
      webpack-bundle-analyzer: 4.3.0
    transitivePeerDependencies:
      - bufferutil
      - utf-8-validate
    dev: true

  /@next/env/12.1.7-canary.0:
    resolution: {integrity: sha512-e6fX6Zo9JIKjgRvuTZPtYV+FxrVYVhRlTTK9zOx2TFsLMOQffyJdzF3jsrNakK5I5zg205kLn2CWqYZL/6gcuQ==}
    dev: false

  /@next/swc-android-arm-eabi/12.1.7-canary.0:
    resolution: {integrity: sha512-5sk3aGQfaOdE+N5EIlpNPZxSrpEqgT82XD9Pz0tgnzZFYr/pfz5LGN5G2II8tBxbHmINL8ma1TooIJStvxxY1g==}
    engines: {node: '>= 10'}
    cpu: [arm]
    os: [android]
    requiresBuild: true
    dev: false
    optional: true

  /@next/swc-android-arm64/12.1.7-canary.0:
    resolution: {integrity: sha512-ubZKfhs+xedgCpr2hDQVKY/Gh+gwlHa5C3t9NPUgree10Q5PJJGSjubamEanmC5hqPDmALEMm/r6gkCbyhBQdQ==}
    engines: {node: '>= 10'}
    cpu: [arm64]
    os: [android]
    requiresBuild: true
    dev: false
    optional: true

  /@next/swc-darwin-arm64/12.1.7-canary.0:
    resolution: {integrity: sha512-hO41mlRNCm85MiF6ieo14tugW3gEwJXqr/hR2K6V6+miI4SU1mwBda5KP89ztIXlNL3SrcPaKiuviIi9Fx3m2w==}
    engines: {node: '>= 10'}
    cpu: [arm64]
    os: [darwin]
    requiresBuild: true
    dev: false
    optional: true

  /@next/swc-darwin-x64/12.1.7-canary.0:
    resolution: {integrity: sha512-Cg8mP69YB+1B8ygPpNnfoR+IzaLeVUOlOS72VHVuwLJS8Y1nOskXlxblS8Hhy7YtmT2ExeXUE9lXrgqUqxnNMw==}
    engines: {node: '>= 10'}
    cpu: [x64]
    os: [darwin]
    requiresBuild: true
    dev: false
    optional: true

  /@next/swc-linux-arm-gnueabihf/12.1.7-canary.0:
    resolution: {integrity: sha512-Qm0uIv0XkgGR6s3Wt5Vk8T7bFr6uqVdSUSEbHJImcv7YAj7W36HdzDLj5Uqbhhuaa/KJkD08PS55IZN+tN8XMA==}
    engines: {node: '>= 10'}
    cpu: [arm]
    os: [linux]
    requiresBuild: true
    dev: false
    optional: true

  /@next/swc-linux-arm64-gnu/12.1.7-canary.0:
    resolution: {integrity: sha512-jbIo+DTMN9comLgUVAB/mNh1zC5SgxU7/msyuHRlDSHAg6awlps9vtE2qt3S2/qImGyZeG1jR31/kBGF3cteTg==}
    engines: {node: '>= 10'}
    cpu: [arm64]
    os: [linux]
    requiresBuild: true
    dev: false
    optional: true

  /@next/swc-linux-arm64-musl/12.1.7-canary.0:
    resolution: {integrity: sha512-6hOk7J1ibDUCvZJsg9TA9NHjPOynnSx/nh/9aF68waVa1fY/Y6ibq9qzZ0EI9xLU8Ujhzlr0aao1isdZUnxF2g==}
    engines: {node: '>= 10'}
    cpu: [arm64]
    os: [linux]
    requiresBuild: true
    dev: false
    optional: true

  /@next/swc-linux-x64-gnu/12.1.7-canary.0:
    resolution: {integrity: sha512-4L+lC1YOpYGXmZ5LdBUoNNe+TRsrX2G2c2unMH1r+VNtvqQOpxKfbOMNXzqtnUwwlATgD8oLjMImAecuECECaw==}
    engines: {node: '>= 10'}
    cpu: [x64]
    os: [linux]
    requiresBuild: true
    dev: false
    optional: true

  /@next/swc-linux-x64-musl/12.1.7-canary.0:
    resolution: {integrity: sha512-XgkZS+51LhmWF7QCt3Xd7cUqwh3U35utSVJkp/IMta3MBHNVPzgp9KaIkALiX2HvitjrSTfKD4bp7fb1Blo8vQ==}
    engines: {node: '>= 10'}
    cpu: [x64]
    os: [linux]
    requiresBuild: true
    dev: false
    optional: true

  /@next/swc-win32-arm64-msvc/12.1.7-canary.0:
    resolution: {integrity: sha512-KXf5ihsLfUOb4mKytYEePgfODLYBG7ye/yJeS3c+1b3pvMxfY+p/M6uTySjDod4qqGllBAyoEMbvbZ63AMmIew==}
    engines: {node: '>= 10'}
    cpu: [arm64]
    os: [win32]
    requiresBuild: true
    dev: false
    optional: true

  /@next/swc-win32-ia32-msvc/12.1.7-canary.0:
    resolution: {integrity: sha512-dHiygS/6mSjDeqyzBpo2UBq1dBcn08y4YwUeUuH10wuWuz2KBjBGrAHDr3zNF1aEsb/YZor0WC8qWbzJz0uYyA==}
    engines: {node: '>= 10'}
    cpu: [ia32]
    os: [win32]
    requiresBuild: true
    dev: false
    optional: true

  /@next/swc-win32-x64-msvc/12.1.7-canary.0:
    resolution: {integrity: sha512-ak4l1YJng/aCjz1go0h/IbCqfjk452WeHCzqM5H/3pax94jloswWVKysygmNzm4MHMWetf/8yrzwDwczpkAr0g==}
    engines: {node: '>= 10'}
    cpu: [x64]
    os: [win32]
    requiresBuild: true
    dev: false
    optional: true

  /@polka/url/1.0.0-next.21:
    resolution: {integrity: sha512-a5Sab1C4/icpTZVzZc5Ghpz88yQtGOyNqYXcZgOssB2uuAr+wF/MvN6bgtW32q7HHrvBki+BsZ0OuNv6EV3K9g==}
    dev: true

  /@types/node/17.0.31:
    resolution: {integrity: sha512-AR0x5HbXGqkEx9CadRH3EBYx/VkiUgZIhP4wvPn/+5KIsgpNoyFaRlVe0Zlx9gRtg8fA06a9tskE2MSN7TcG4Q==}
    dev: true

  /@types/prop-types/15.7.5:
    resolution: {integrity: sha512-JCB8C6SnDoQf0cNycqd/35A7MjcnK+ZTqE7judS6o7utxUCg6imJg3QK2qzHKszlTjcj2cn+NwMB2i96ubpj7w==}
    dev: true

  /@types/react-dom/18.0.3:
    resolution: {integrity: sha512-1RRW9kst+67gveJRYPxGmVy8eVJ05O43hg77G2j5m76/RFJtMbcfAs2viQ2UNsvvDg8F7OfQZx8qQcl6ymygaQ==}
    dependencies:
      '@types/react': 18.0.8
    dev: true

  /@types/react/18.0.8:
    resolution: {integrity: sha512-+j2hk9BzCOrrOSJASi5XiOyBbERk9jG5O73Ya4M0env5Ixi6vUNli4qy994AINcEF+1IEHISYFfIT4zwr++LKw==}
    dependencies:
      '@types/prop-types': 15.7.5
      '@types/scheduler': 0.16.2
      csstype: 3.0.11
    dev: true

  /@types/scheduler/0.16.2:
    resolution: {integrity: sha512-hppQEBDmlwhFAXKJX2KnWLYu5yMfi91yazPb2l+lbJiwW+wdo1gNeRA+3RgNSO39WYX2euey41KEwnqesU2Jew==}
    dev: true

  /acorn-walk/8.2.0:
    resolution: {integrity: sha512-k+iyHEuPgSw6SbuDpGQM+06HQUa04DZ3o+F6CSzXMvvI5KMvnaEqXe+YVe555R9nn6GPt404fos4wcgpw12SDA==}
    engines: {node: '>=0.4.0'}
    dev: true

  /acorn/8.7.0:
    resolution: {integrity: sha512-V/LGr1APy+PXIwKebEWrkZPwoeoF+w1jiOBUmuxuiUIaOHtob8Qc9BTrYo7VuI5fR8tqsy+buA2WFooR5olqvQ==}
    engines: {node: '>=0.4.0'}
    hasBin: true
    dev: true

  /ansi-styles/3.2.1:
    resolution: {integrity: sha512-VT0ZI6kZRdTh8YyJw3SMbYm/u+NqfsAxEpWO0Pf9sq8/e94WxxOpPKx9FR1FlyCtOVDNOQ+8ntlqFxiRc+r5qA==}
    engines: {node: '>=4'}
    dependencies:
      color-convert: 1.9.3
    dev: false

  /ansi-styles/4.3.0:
    resolution: {integrity: sha512-zbB9rCJAT1rbjiVDb2hqKFHNYLxgtk8NURxZ3IZwD3F6NtxbXZQCnnSi1Lkx+IDohdPlFp222wVALIheZJQSEg==}
    engines: {node: '>=8'}
    dependencies:
      color-convert: 2.0.1
    dev: true

  /anymatch/3.1.2:
    resolution: {integrity: sha512-P43ePfOAIupkguHUycrc4qJ9kz8ZiuOUijaETwX7THt0Y/GNK7v0aa8rY816xWjZ7rJdA5XdMcpVFTKMq+RvWg==}
    engines: {node: '>= 8'}
    dependencies:
      normalize-path: 3.0.0
      picomatch: 2.3.1
    dev: true

  /binary-extensions/2.2.0:
    resolution: {integrity: sha512-jDctJ/IVQbZoJykoeHbhXpOlNBqGNcwXJKJog42E5HDPUwQTSdjCHdihjj0DlnheQ7blbT6dHOafNAiS8ooQKA==}
    engines: {node: '>=8'}
    dev: true

  /braces/3.0.2:
    resolution: {integrity: sha512-b8um+L1RzM3WDSzvhm6gIz1yfTbBt6YTlcEKAvsmqCZZFw46z626lVj9j1yEPW33H5H+lBQpZMP1k8l+78Ha0A==}
    engines: {node: '>=8'}
    dependencies:
      fill-range: 7.0.1
    dev: true

  /browserslist/4.20.2:
    resolution: {integrity: sha512-CQOBCqp/9pDvDbx3xfMi+86pr4KXIf2FDkTTdeuYw8OxS9t898LA1Khq57gtufFILXpfgsSx5woNgsBgvGjpsA==}
    engines: {node: ^6 || ^7 || ^8 || ^9 || ^10 || ^11 || ^12 || >=13.7}
    hasBin: true
    dependencies:
      caniuse-lite: 1.0.30001332
      electron-to-chromium: 1.4.97
      escalade: 3.1.1
      node-releases: 2.0.2
      picocolors: 1.0.0
    dev: false

  /caniuse-lite/1.0.30001332:
    resolution: {integrity: sha512-10T30NYOEQtN6C11YGg411yebhvpnC6Z102+B95eAsN0oB6KUs01ivE8u+G6FMIRtIrVlYXhL+LUwQ3/hXwDWw==}
    dev: false

  /chalk/2.4.2:
    resolution: {integrity: sha512-Mti+f9lpJNcwF4tWV8/OrTTtF1gZi+f8FqlyAdouralcFWFQWF2+NgCHShjkCb+IFBLq9buZwE1xckQU4peSuQ==}
    engines: {node: '>=4'}
    dependencies:
      ansi-styles: 3.2.1
      escape-string-regexp: 1.0.5
      supports-color: 5.5.0
    dev: false

  /chalk/4.1.2:
    resolution: {integrity: sha512-oKnbhFyRIXpUuez8iBMmyEa4nbj4IOQyuhc/wy9kY7/WVPcwIO9VA668Pu8RkO7+0G76SLROeyw9CpQ061i4mA==}
    engines: {node: '>=10'}
    dependencies:
      ansi-styles: 4.3.0
      supports-color: 7.2.0
    dev: true

  /chokidar/3.5.3:
    resolution: {integrity: sha512-Dr3sfKRP6oTcjf2JmUmFJfeVMvXBdegxB0iVQ5eb2V10uFJUCAS8OByZdVAyVb8xXNz3GjjTgj9kLWsZTqE6kw==}
    engines: {node: '>= 8.10.0'}
    dependencies:
      anymatch: 3.1.2
      braces: 3.0.2
      glob-parent: 5.1.2
      is-binary-path: 2.1.0
      is-glob: 4.0.3
      normalize-path: 3.0.0
      readdirp: 3.6.0
    optionalDependencies:
      fsevents: 2.3.2
    dev: true

  /color-convert/1.9.3:
    resolution: {integrity: sha512-QfAUtd+vFdAtFQcC8CCyYt1fYWxSqAiK2cSD6zDB8N3cpsEBAvRxp9zOGg6G/SHHJYAT88/az/IuDGALsNVbGg==}
    dependencies:
      color-name: 1.1.3
    dev: false

  /color-convert/2.0.1:
    resolution: {integrity: sha512-RRECPsj7iu/xb5oKYcsFHSppFNnsj/52OVTRKb4zP5onXwVF3zVmmToNcOfGC+CRDpfK/U584fMg38ZHCaElKQ==}
    engines: {node: '>=7.0.0'}
    dependencies:
      color-name: 1.1.4
    dev: true

  /color-name/1.1.3:
    resolution: {integrity: sha1-p9BVi9icQveV3UIyj3QIMcpTvCU=}
    dev: false

  /color-name/1.1.4:
    resolution: {integrity: sha512-dOy+3AuW3a2wNbZHIuMZpTcgjGuLU/uBL/ubcZF9OXbDo8ff4O8yVp5Bf0efS8uEoYo5q4Fx7dY9OgQGXgAsQA==}
    dev: true

  /commander/6.2.1:
    resolution: {integrity: sha512-U7VdrJFnJgo4xjrHpTzu0yrHPGImdsmD95ZlgYSEajAn2JKzDhDTPG9kBTefmObL2w/ngeZnilk+OV9CG3d7UA==}
    engines: {node: '>= 6'}
    dev: true

  /convert-source-map/1.8.0:
    resolution: {integrity: sha512-+OQdjP49zViI/6i7nIJpA8rAl4sV/JdPfU9nZs3VqOwGIgizICvuN2ru6fMd+4llL0tar18UYJXfZ/TWtmhUjA==}
    dependencies:
      safe-buffer: 5.1.2
    dev: false

  /css-class-generator/2.0.0:
    resolution: {integrity: sha512-zlmG8hCTmtc+3Esj1R5PgXCKDqJT1Uqhm8NyALvg3kSjAK0+tByFTkMhEh101V+f7toETM4RGigBU4BjGvphLg==}
    dev: true

  /csstype/3.0.11:
    resolution: {integrity: sha512-sa6P2wJ+CAbgyy4KFssIb/JNMLxFvKF1pCYCSXS8ZMuqZnMsrxqI2E5sPyoTpxoPU/gVZMzr2zjOfg8GIZOMsw==}
    dev: true

  /debug/4.3.4:
    resolution: {integrity: sha512-PRWFHuSU3eDtQJPvnNY7Jcket1j0t5OuOsFzPPzsekD52Zl8qUfFIPEiswXqIvHWGVHOgX+7G/vCNNhehwxfkQ==}
    engines: {node: '>=6.0'}
    peerDependencies:
      supports-color: '*'
    peerDependenciesMeta:
      supports-color:
        optional: true
    dependencies:
      ms: 2.1.2
    dev: false

  /duplexer/0.1.2:
    resolution: {integrity: sha512-jtD6YG370ZCIi/9GTaJKQxWTZD045+4R4hTk/x1UyoqadyJ9x9CgSi1RlVDQF8U2sxLLSnFkCaMihqljHIWgMg==}
    dev: true

  /electron-to-chromium/1.4.97:
    resolution: {integrity: sha512-vqSu7Qn6o5E1uAJQxmq2U69aBhBTxUAXMuT5Sm3jj8kEJciuUcKciktLuTPFSRlwSdNyeu9qah8Nzy9JyxefCw==}
    dev: false

  /escalade/3.1.1:
    resolution: {integrity: sha512-k0er2gUkLf8O0zKJiAhmkTnJlTvINGv7ygDNPbeIsX/TJjGJZHuh9B2UxbsaEkmlEo9MfhrSzmhIlhRlI2GXnw==}
    engines: {node: '>=6'}
    dev: false

  /escape-string-regexp/1.0.5:
    resolution: {integrity: sha1-G2HAViGQqN/2rjuyzwIAyhMLhtQ=}
    engines: {node: '>=0.8.0'}
    dev: false

  /fill-range/7.0.1:
    resolution: {integrity: sha512-qOo9F+dMUmC2Lcb4BbVvnKJxTPjCm+RRpe4gDuGrzkL7mEVl/djYSu2OdQ2Pa302N4oqkSg9ir6jaLWJ2USVpQ==}
    engines: {node: '>=8'}
    dependencies:
      to-regex-range: 5.0.1
    dev: true

  /framer-motion/6.3.3_ef5jwxihqo6n7gxfmzogljlgcm:
    resolution: {integrity: sha512-wo0dCnoq5vn4L8YVOPO9W54dliH78vDaX0Lj+bSPUys6Nt5QaehrS3uaYa0q5eVeikUgtTjz070UhQ94thI5Sw==}
    peerDependencies:
      react: '>=16.8 || ^17.0.0 || ^18.0.0'
      react-dom: '>=16.8 || ^17.0.0 || ^18.0.0'
    dependencies:
      framesync: 6.0.1
      hey-listen: 1.0.8
      popmotion: 11.0.3
      react: 18.1.0
      react-dom: 18.1.0_react@18.1.0
      style-value-types: 5.0.0
      tslib: 2.4.0
    optionalDependencies:
      '@emotion/is-prop-valid': 0.8.8
    dev: false

  /framesync/6.0.1:
    resolution: {integrity: sha512-fUY88kXvGiIItgNC7wcTOl0SNRCVXMKSWW2Yzfmn7EKNc+MpCzcz9DhdHcdjbrtN3c6R4H5dTY2jiCpPdysEjA==}
    dependencies:
      tslib: 2.4.0
    dev: false

  /fsevents/2.3.2:
    resolution: {integrity: sha512-xiqMQR4xAeHTuB9uWm+fFRcIOgKBMiOBP+eXiyT7jsgVCq1bkVygt00oASowB7EdtpOHaaPgKt812P9ab+DDKA==}
    engines: {node: ^8.16.0 || ^10.6.0 || >=11.0.0}
    os: [darwin]
    requiresBuild: true
    dev: true
    optional: true

  /gensync/1.0.0-beta.2:
    resolution: {integrity: sha512-3hN7NaskYvMDLQY55gnW3NQ+mesEAepTqlg+VEbj7zzqEMBVNhzcGYYeqFo/TlYz6eQiFcp1HcsCZO+nGgS8zg==}
    engines: {node: '>=6.9.0'}
    dev: false

  /glob-parent/5.1.2:
    resolution: {integrity: sha512-AOIgSQCepiJYwP3ARnGx+5VnTu2HBYdzbGP45eLw1vr3zB3vZLeyed1sC9hnbcOc9/SrMyM5RPQrkGz4aS9Zow==}
    engines: {node: '>= 6'}
    dependencies:
      is-glob: 4.0.3
    dev: true

  /globals/11.12.0:
    resolution: {integrity: sha512-WOBp/EEGUiIsJSp7wcv/y6MO+lV9UoncWqxuFfm8eBwzWNgyfBd6Gz+IeKQ9jCmyhoH99g15M3T+QaVHFjizVA==}
    engines: {node: '>=4'}
    dev: false

  /gzip-size/6.0.0:
    resolution: {integrity: sha512-ax7ZYomf6jqPTQ4+XCpUGyXKHk5WweS+e05MBO4/y3WJ5RkmPXNKvX+bx1behVILVwr6JSQvZAku021CHPXG3Q==}
    engines: {node: '>=10'}
    dependencies:
      duplexer: 0.1.2
    dev: true

  /has-flag/3.0.0:
    resolution: {integrity: sha1-tdRU3CGZriJWmfNGfloH87lVuv0=}
    engines: {node: '>=4'}
    dev: false

  /has-flag/4.0.0:
    resolution: {integrity: sha512-EykJT/Q1KjTWctppgIAgfSO0tKVuZUjhgMr17kqTumMl6Afv3EISleU7qZUzoXDFTAHTDC4NOoG/ZxU3EvlMPQ==}
    engines: {node: '>=8'}
    dev: true

  /hey-listen/1.0.8:
    resolution: {integrity: sha512-COpmrF2NOg4TBWUJ5UVyaCU2A88wEMkUPK4hNqyCkqHbxT92BbvfjoSozkAIIm6XhicGlJHhFdullInrdhwU8Q==}
    dev: false

  /immutable/4.0.0:
    resolution: {integrity: sha512-zIE9hX70qew5qTUjSS7wi1iwj/l7+m54KWU247nhM3v806UdGj1yDndXj+IOYxxtW9zyLI+xqFNZjTuDaLUqFw==}
    dev: true

  /is-binary-path/2.1.0:
    resolution: {integrity: sha512-ZMERYes6pDydyuGidse7OsHxtbI7WVeUEozgR/g7rd0xUimYNlvZRE/K2MgZTjWy725IfelLeVcEM97mmtRGXw==}
    engines: {node: '>=8'}
    dependencies:
      binary-extensions: 2.2.0
    dev: true

  /is-extglob/2.1.1:
    resolution: {integrity: sha1-qIwCU1eR8C7TfHahueqXc8gz+MI=}
    engines: {node: '>=0.10.0'}
    dev: true

  /is-glob/4.0.3:
    resolution: {integrity: sha512-xelSayHH36ZgE7ZWhli7pW34hNbNl8Ojv5KVmkJD4hBdD3th8Tfk9vYasLM+mXWOZhFkgZfxhLSnrwRr4elSSg==}
    engines: {node: '>=0.10.0'}
    dependencies:
      is-extglob: 2.1.1
    dev: true

  /is-number/7.0.0:
    resolution: {integrity: sha512-41Cifkg6e8TylSpdtTpeLVMqvSBEVzTttHvERD741+pnZ8ANv0004MRL43QKPDlK9cGvNp6NZWZUBlbGXYxxng==}
    engines: {node: '>=0.12.0'}
    dev: true

  /js-tokens/4.0.0:
    resolution: {integrity: sha512-RdJUflcE3cUzKiMqQgsCu06FPu9UdIJO0beYbPhHN4k6apgJtifcoCtT9bcxOpYBtpD2kCM6Sbzg4CausW/PKQ==}
    dev: false

  /jsesc/2.5.2:
    resolution: {integrity: sha512-OYu7XEzjkCQ3C5Ps3QIZsQfNpqoJyZZA99wd9aWd05NCtC5pWOkShK2mkL6HXQR6/Cy2lbNdPlZBpuQHXE63gA==}
    engines: {node: '>=4'}
    hasBin: true
    dev: false

  /json5/2.2.1:
    resolution: {integrity: sha512-1hqLFMSrGHRHxav9q9gNjJ5EXznIxGVO09xQRrwplcS8qs28pZ8s8hupZAmqDwZUmVZ2Qb2jnyPOWcDH8m8dlA==}
    engines: {node: '>=6'}
    hasBin: true
    dev: false

  /lodash/4.17.21:
    resolution: {integrity: sha512-v2kDEe57lecTulaDIuNTPy3Ry4gLGJ6Z1O3vE1krgXZNrsQ+LFTGHVxVjcXPs17LhbZVGedAJv8XZ1tvj5FvSg==}

  /loose-envify/1.4.0:
    resolution: {integrity: sha512-lyuxPGr/Wfhrlem2CL/UcnUc1zcqKAImBDzukY7Y5F/yQiNdko6+fRLevlw1HgMySw7f611UIY408EtxRSoK3Q==}
    hasBin: true
    dependencies:
      js-tokens: 4.0.0
    dev: false

  /mrmime/1.0.0:
    resolution: {integrity: sha512-a70zx7zFfVO7XpnQ2IX1Myh9yY4UYvfld/dikWRnsXxbyvMcfz+u6UfgNAtH+k2QqtJuzVpv6eLTx1G2+WKZbQ==}
    engines: {node: '>=10'}
    dev: true

  /ms/2.1.2:
    resolution: {integrity: sha512-sGkPx+VjMtmA6MX27oA4FBFELFCZZ4S4XqeGOXCv68tT+jb3vk/RyaKWP0PTKyWtmLSM0b+adUTEvbs1PEaH2w==}
    dev: false

  /nanoid/3.3.2:
    resolution: {integrity: sha512-CuHBogktKwpm5g2sRgv83jEy2ijFzBwMoYA60orPDR7ynsLijJDqgsi4RDGj3OJpy3Ieb+LYwiRmIOGyytgITA==}
    engines: {node: ^10 || ^12 || ^13.7 || ^14 || >=15.0.1}
    hasBin: true
    dev: false

  /next/12.1.7-canary.0_f4f3p4qosjzyjuuwwqkhysggrq:
    resolution: {integrity: sha512-s7F001RWJK3jHKtJDBf+MNvn8Q5619UfJhCnHQ1r+wTv2WXHvu3it4n6RmPRHrTfSp3rjQ8mclPELP8WgNI0CA==}
    engines: {node: '>=12.22.0'}
    hasBin: true
    peerDependencies:
      fibers: '>= 3.1.0'
      node-sass: ^6.0.0 || ^7.0.0
      react: ^17.0.2 || ^18.0.0-0
      react-dom: ^17.0.2 || ^18.0.0-0
      sass: ^1.3.0
    peerDependenciesMeta:
      fibers:
        optional: true
      node-sass:
        optional: true
      sass:
        optional: true
    dependencies:
      '@next/env': 12.1.7-canary.0
      caniuse-lite: 1.0.30001332
      postcss: 8.4.5
      react: 18.1.0
      react-dom: 18.1.0_react@18.1.0
      sass: 1.51.0
      styled-jsx: 5.0.2_vm2wkhzl5f5eyl7hfuywll6uzq
    optionalDependencies:
      '@next/swc-android-arm-eabi': 12.1.7-canary.0
      '@next/swc-android-arm64': 12.1.7-canary.0
      '@next/swc-darwin-arm64': 12.1.7-canary.0
      '@next/swc-darwin-x64': 12.1.7-canary.0
      '@next/swc-linux-arm-gnueabihf': 12.1.7-canary.0
      '@next/swc-linux-arm64-gnu': 12.1.7-canary.0
      '@next/swc-linux-arm64-musl': 12.1.7-canary.0
      '@next/swc-linux-x64-gnu': 12.1.7-canary.0
      '@next/swc-linux-x64-musl': 12.1.7-canary.0
      '@next/swc-win32-arm64-msvc': 12.1.7-canary.0
      '@next/swc-win32-ia32-msvc': 12.1.7-canary.0
      '@next/swc-win32-x64-msvc': 12.1.7-canary.0
    transitivePeerDependencies:
      - '@babel/core'
      - babel-plugin-macros
    dev: false

  /node-releases/2.0.2:
    resolution: {integrity: sha512-XxYDdcQ6eKqp/YjI+tb2C5WM2LgjnZrfYg4vgQt49EK268b6gYCHsBLrK2qvJo4FmCtqmKezb0WZFK4fkrZNsg==}
    dev: false

  /normalize-path/3.0.0:
    resolution: {integrity: sha512-6eZs5Ls3WtCisHWp9S2GUy8dqkpGi4BVSz3GaqiE6ezub0512ESztXUwUB6C6IKbQkY2Pnb/mD4WYojCRwcwLA==}
    engines: {node: '>=0.10.0'}
    dev: true

  /opener/1.5.2:
    resolution: {integrity: sha512-ur5UIdyw5Y7yEj9wLzhqXiy6GZ3Mwx0yGI+5sMn2r0N0v3cKJvUmFH5yPP+WXh9e0xfyzyJX95D8l088DNFj7A==}
    hasBin: true
    dev: true

  /picocolors/1.0.0:
    resolution: {integrity: sha512-1fygroTLlHu66zi26VoTDv8yRgm0Fccecssto+MhsZ0D/DGW2sm8E8AjW7NU5VVTRt5GxbeZ5qBuJr+HyLYkjQ==}
    dev: false

  /picomatch/2.3.1:
    resolution: {integrity: sha512-JU3teHTNjmE2VCGFzuY8EXzCDVwEqB2a8fsIvwaStHhAWJEeVd1o1QD80CU6+ZdEXXSLbSsuLwJjkCBWqRQUVA==}
    engines: {node: '>=8.6'}
    dev: true

  /popmotion/11.0.3:
    resolution: {integrity: sha512-Y55FLdj3UxkR7Vl3s7Qr4e9m0onSnP8W7d/xQLsoJM40vs6UKHFdygs6SWryasTZYqugMjm3BepCF4CWXDiHgA==}
    dependencies:
      framesync: 6.0.1
      hey-listen: 1.0.8
      style-value-types: 5.0.0
      tslib: 2.4.0
    dev: false

  /postcss/8.4.5:
    resolution: {integrity: sha512-jBDboWM8qpaqwkMwItqTQTiFikhs/67OYVvblFFTM7MrZjt6yMKd6r2kgXizEbTTljacm4NldIlZnhbjr84QYg==}
    engines: {node: ^10 || ^12 || >=14}
    dependencies:
      nanoid: 3.3.2
      picocolors: 1.0.0
      source-map-js: 1.0.2
    dev: false

  /react-dom/18.1.0_react@18.1.0:
    resolution: {integrity: sha512-fU1Txz7Budmvamp7bshe4Zi32d0ll7ect+ccxNu9FlObT605GOEB8BfO4tmRJ39R5Zj831VCpvQ05QPBW5yb+w==}
    peerDependencies:
      react: ^18.1.0
    dependencies:
      loose-envify: 1.4.0
      react: 18.1.0
      scheduler: 0.22.0
    dev: false

  /react/18.1.0:
    resolution: {integrity: sha512-4oL8ivCz5ZEPyclFQXaNksK3adutVS8l2xzZU0cqEFrE9Sb7fC0EFK5uEk74wIreL1DERyjvsU915j1pcT2uEQ==}
    engines: {node: '>=0.10.0'}
    dependencies:
      loose-envify: 1.4.0
    dev: false

  /readdirp/3.6.0:
    resolution: {integrity: sha512-hOS089on8RduqdbhvQ5Z37A0ESjsqz6qnRcffsMU3495FuTdqSm+7bhJ29JvIOsBDEEnan5DPu9t3To9VRlMzA==}
    engines: {node: '>=8.10.0'}
    dependencies:
      picomatch: 2.3.1
    dev: true

  /safe-buffer/5.1.2:
    resolution: {integrity: sha512-Gd2UZBJDkXlY7GbJxfsE8/nvKkUEU1G38c1siN6QP6a9PT9MmHB8GnpscSmMJSoF8LOIrt8ud/wPtojys4G6+g==}
    dev: false

  /sass/1.51.0:
    resolution: {integrity: sha512-haGdpTgywJTvHC2b91GSq+clTKGbtkkZmVAb82jZQN/wTy6qs8DdFm2lhEQbEwrY0QDRgSQ3xDurqM977C3noA==}
    engines: {node: '>=12.0.0'}
    hasBin: true
    dependencies:
      chokidar: 3.5.3
      immutable: 4.0.0
      source-map-js: 1.0.2
    dev: true

  /scheduler/0.22.0:
    resolution: {integrity: sha512-6QAm1BgQI88NPYymgGQLCZgvep4FyePDWFpXVK+zNSUgHwlqpJy8VEh8Et0KxTACS4VWwMousBElAZOH9nkkoQ==}
    dependencies:
      loose-envify: 1.4.0
    dev: false

  /semver/6.3.0:
    resolution: {integrity: sha512-b39TBaTSfV6yBrapU89p5fKekE2m/NwnDocOVruQFS1/veMgdzuPcnOM34M6CwxW8jH/lxEa5rBoDeUwu5HHTw==}
    hasBin: true
    dev: false

  /sirv/1.0.19:
    resolution: {integrity: sha512-JuLThK3TnZG1TAKDwNIqNq6QA2afLOCcm+iE8D1Kj3GA40pSPsxQjjJl0J8X3tsR7T+CP1GavpzLwYkgVLWrZQ==}
    engines: {node: '>= 10'}
    dependencies:
      '@polka/url': 1.0.0-next.21
      mrmime: 1.0.0
      totalist: 1.1.0
    dev: true

  /source-map-js/1.0.2:
    resolution: {integrity: sha512-R0XvVJ9WusLiqTCEiGCmICCMplcCkIwwR11mOSD9CR5u+IXYdiseeEuXCVAjS54zqwkLcPNnmU4OeJ6tUrWhDw==}
    engines: {node: '>=0.10.0'}

  /style-value-types/5.0.0:
    resolution: {integrity: sha512-08yq36Ikn4kx4YU6RD7jWEv27v4V+PUsOGa4n/as8Et3CuODMJQ00ENeAVXAeydX4Z2j1XHZF1K2sX4mGl18fA==}
    dependencies:
      hey-listen: 1.0.8
      tslib: 2.4.0
    dev: false

  /styled-jsx/5.0.2_vm2wkhzl5f5eyl7hfuywll6uzq:
    resolution: {integrity: sha512-LqPQrbBh3egD57NBcHET4qcgshPks+yblyhPlH2GY8oaDgKs8SK4C3dBh3oSJjgzJ3G5t1SYEZGHkP+QEpX9EQ==}
    engines: {node: '>= 12.0.0'}
    peerDependencies:
      '@babel/core': '*'
      babel-plugin-macros: '*'
      react: '>= 16.8.0 || 17.x.x || ^18.0.0-0'
    peerDependenciesMeta:
      '@babel/core':
        optional: true
      babel-plugin-macros:
        optional: true
    dependencies:
      '@babel/core': 7.17.10
      react: 18.1.0
    dev: false

  /supports-color/5.5.0:
    resolution: {integrity: sha512-QjVjwdXIt408MIiAqCX4oUKsgU2EqAGzs2Ppkm4aQYbjm+ZEWEcW4SfFNTr4uMNZma0ey4f5lgLrkB0aX0QMow==}
    engines: {node: '>=4'}
    dependencies:
      has-flag: 3.0.0
    dev: false

  /supports-color/7.2.0:
    resolution: {integrity: sha512-qpCAvRl9stuOHveKsn7HncJRvv501qIacKzQlO/+Lwxc9+0q2wLyv4Dfvt80/DPn2pqOBsJdDiogXGR9+OvwRw==}
    engines: {node: '>=8'}
    dependencies:
      has-flag: 4.0.0
    dev: true

  /to-fast-properties/2.0.0:
    resolution: {integrity: sha1-3F5pjL0HkmW8c+A3doGk5Og/YW4=}
    engines: {node: '>=4'}
    dev: false

  /to-regex-range/5.0.1:
    resolution: {integrity: sha512-65P7iz6X5yEr1cwcgvQxbbIw7Uk3gOy5dIdtZ4rDveLqhrdJP+Li/Hx6tyK0NEb+2GCyneCMJiGqrADCSNk8sQ==}
    engines: {node: '>=8.0'}
    dependencies:
      is-number: 7.0.0
    dev: true

  /totalist/1.1.0:
    resolution: {integrity: sha512-gduQwd1rOdDMGxFG1gEvhV88Oirdo2p+KjoYFU7k2g+i7n6AFFbDQ5kMPUsW0pNbfQsB/cwXvT1i4Bue0s9g5g==}
    engines: {node: '>=6'}
    dev: true

  /tslib/2.4.0:
    resolution: {integrity: sha512-d6xOpEDfsi2CZVlPQzGeux8XMwLT9hssAsaPYExaQMuYskwb+x1x7J371tWlbBdWHroy99KnVB6qIkUbs5X3UQ==}
    dev: false

  /typescript/4.6.4:
    resolution: {integrity: sha512-9ia/jWHIEbo49HfjrLGfKbZSuWo9iTMwXO+Ca3pRsSpbsMbc7/IU8NKdCZVRRBafVPGnoJeFL76ZOAA84I9fEg==}
    engines: {node: '>=4.2.0'}
    hasBin: true
    dev: true

  /webpack-bundle-analyzer/4.3.0:
    resolution: {integrity: sha512-J3TPm54bPARx6QG8z4cKBszahnUglcv70+N+8gUqv2I5KOFHJbzBiLx+pAp606so0X004fxM7hqRu10MLjJifA==}
    engines: {node: '>= 10.13.0'}
    hasBin: true
    dependencies:
      acorn: 8.7.0
      acorn-walk: 8.2.0
      chalk: 4.1.2
      commander: 6.2.1
      gzip-size: 6.0.0
      lodash: 4.17.21
      opener: 1.5.2
      sirv: 1.0.19
      ws: 7.5.7
    transitivePeerDependencies:
      - bufferutil
      - utf-8-validate
    dev: true

  /ws/7.5.7:
    resolution: {integrity: sha512-KMvVuFzpKBuiIXW3E4u3mySRO2/mCHSyZDJQM5NQ9Q9KHWHWh0NHgfbRMLLrceUK5qAL4ytALJbpRMjixFZh8A==}
    engines: {node: '>=8.3.0'}
    peerDependencies:
      bufferutil: ^4.0.1
      utf-8-validate: ^5.0.2
    peerDependenciesMeta:
      bufferutil:
        optional: true
      utf-8-validate:
        optional: true
    dev: true
